
Microsoft Visual Studio Solution File, Format Version 12.00
# Visual Studio Version 17
VisualStudioVersion = 17.8.34511.84
MinimumVisualStudioVersion = 10.0.40219.1
Project("{FAE04EC0-301F-11D3-BF4B-00C04F79EFBC}") = "ManagerImage", "ManagerImage\ManagerImage.csproj", "{1DCD5336-BBC7-4AC0-B26C-0794602BE371}"
EndProject
Global
	GlobalSection(SolutionConfigurationPlatforms) = preSolution
		Debug|Any CPU = Debug|Any CPU
		Release|Any CPU = Release|Any CPU
	EndGlobalSection
	GlobalSection(ProjectConfigurationPlatforms) = postSolution
		{1DCD5336-BBC7-4AC0-B26C-0794602BE371}.Debug|Any CPU.ActiveCfg = Debug|Any CPU
		{1DCD5336-BBC7-4AC0-B26C-0794602BE371}.Debug|Any CPU.Build.0 = Debug|Any CPU
		{1DCD5336-BBC7-4AC0-B26C-0794602BE371}.Release|Any CPU.ActiveCfg = Release|Any CPU
		{1DCD5336-BBC7-4AC0-B26C-0794602BE371}.Release|Any CPU.Build.0 = Release|Any CPU
	EndGlobalSection
	GlobalSection(SolutionProperties) = preSolution
		HideSolutionNode = FALSE
	EndGlobalSection
	GlobalSection(ExtensibilityGlobals) = postSolution
		SolutionGuid = {ECE762D5-09C4-4697-8286-05730E233A2E}
	EndGlobalSection
EndGlobal
